
Microsoft Visual Studio Solution File, Format Version 12.00
# Visual Studio Version 17
VisualStudioVersion = 17.9.34714.143
MinimumVisualStudioVersion = 10.0.40219.1
Project("{9A19103F-16F7-4668-BE54-9A1E7A4F7556}") = "Template", "Template\Template.csproj", "{6414BBEA-5DC5-4A1E-8BD8-CB3479DD6F5B}"
EndProject
Project("{9A19103F-16F7-4668-BE54-9A1E7A4F7556}") = "Template.Infrastructure", "Template.Infrastructure\Template.Infrastructure.csproj", "{1E19F6BF-E76A-454D-89E0-274E45C34B01}"
EndProject
Project("{9A19103F-16F7-4668-BE54-9A1E7A4F7556}") = "Template.Domain", "Template.Domain\Template.Domain.csproj", "{2E0F0EF3-8A4B-42CE-BE9F-9CEE041A959E}"
EndProject
Project("{9A19103F-16F7-4668-BE54-9A1E7A4F7556}") = "Template.Service", "Template.Service\Template.Service.csproj", "{86AB4B09-5B40-4628-9E99-89360E06F635}"
EndProject
Project("{FAE04EC0-301F-11D3-BF4B-00C04F79EFBC}") = "Template.Helper", "Template.Helper\Template.Helper.csproj", "{F0B015BD-8A2C-4B49-A8E6-AA198726A7D4}"
EndProject
Global
	GlobalSection(SolutionConfigurationPlatforms) = preSolution
		Debug|Any CPU = Debug|Any CPU
		Release|Any CPU = Release|Any CPU
	EndGlobalSection
	GlobalSection(ProjectConfigurationPlatforms) = postSolution
		{6414BBEA-5DC5-4A1E-8BD8-CB3479DD6F5B}.Debug|Any CPU.ActiveCfg = Debug|Any CPU
		{6414BBEA-5DC5-4A1E-8BD8-CB3479DD6F5B}.Debug|Any CPU.Build.0 = Debug|Any CPU
		{6414BBEA-5DC5-4A1E-8BD8-CB3479DD6F5B}.Release|Any CPU.ActiveCfg = Release|Any CPU
		{6414BBEA-5DC5-4A1E-8BD8-CB3479DD6F5B}.Release|Any CPU.Build.0 = Release|Any CPU
		{1E19F6BF-E76A-454D-89E0-274E45C34B01}.Debug|Any CPU.ActiveCfg = Debug|Any CPU
		{1E19F6BF-E76A-454D-89E0-274E45C34B01}.Debug|Any CPU.Build.0 = Debug|Any CPU
		{1E19F6BF-E76A-454D-89E0-274E45C34B01}.Release|Any CPU.ActiveCfg = Release|Any CPU
		{1E19F6BF-E76A-454D-89E0-274E45C34B01}.Release|Any CPU.Build.0 = Release|Any CPU
		{2E0F0EF3-8A4B-42CE-BE9F-9CEE041A959E}.Debug|Any CPU.ActiveCfg = Debug|Any CPU
		{2E0F0EF3-8A4B-42CE-BE9F-9CEE041A959E}.Debug|Any CPU.Build.0 = Debug|Any CPU
		{2E0F0EF3-8A4B-42CE-BE9F-9CEE041A959E}.Release|Any CPU.ActiveCfg = Release|Any CPU
		{2E0F0EF3-8A4B-42CE-BE9F-9CEE041A959E}.Release|Any CPU.Build.0 = Release|Any CPU
		{86AB4B09-5B40-4628-9E99-89360E06F635}.Debug|Any CPU.ActiveCfg = Debug|Any CPU
		{86AB4B09-5B40-4628-9E99-89360E06F635}.Debug|Any CPU.Build.0 = Debug|Any CPU
		{86AB4B09-5B40-4628-9E99-89360E06F635}.Release|Any CPU.ActiveCfg = Release|Any CPU
		{86AB4B09-5B40-4628-9E99-89360E06F635}.Release|Any CPU.Build.0 = Release|Any CPU
		{F0B015BD-8A2C-4B49-A8E6-AA198726A7D4}.Debug|Any CPU.ActiveCfg = Debug|Any CPU
		{F0B015BD-8A2C-4B49-A8E6-AA198726A7D4}.Debug|Any CPU.Build.0 = Debug|Any CPU
		{F0B015BD-8A2C-4B49-A8E6-AA198726A7D4}.Release|Any CPU.ActiveCfg = Release|Any CPU
		{F0B015BD-8A2C-4B49-A8E6-AA198726A7D4}.Release|Any CPU.Build.0 = Release|Any CPU
	EndGlobalSection
	GlobalSection(SolutionProperties) = preSolution
		HideSolutionNode = FALSE
	EndGlobalSection
	GlobalSection(ExtensibilityGlobals) = postSolution
		SolutionGuid = {A19FEBB9-2F5F-47BB-8FBB-D3DCCDBDEE80}
	EndGlobalSection
EndGlobal
